# This file is automatically @generated by Cargo.
# It is not intended for manual editing.
version = 3

[[package]]
name = "cfg-if"
version = "1.0.0"
source = "registry+https://github.com/rust-lang/crates.io-index"
checksum = "baf1de4339761588bc0619e3cbc0120ee582ebb74b53b4efbf79117bd2da40fd"

[[package]]
name = "fontconfig-parser"
version = "0.5.2"
source = "registry+https://github.com/rust-lang/crates.io-index"
checksum = "4ab2e12762761366dcb876ab8b6e0cfa4797ddcd890575919f008b5ba655672a"
dependencies = [
 "roxmltree",
]

[[package]]
name = "fontdb"
version = "0.13.1"
source = "registry+https://github.com/rust-lang/crates.io-index"
checksum = "237ff9f0813bbfc9de836016472e0c9ae7802f174a51594607e5f4ff334cb2f5"
dependencies = [
 "fontconfig-parser",
 "log",
 "memmap2",
 "slotmap",
 "ttf-parser",
]

[[package]]
name = "fontdbtest"
version = "0.1.0"
dependencies = [
 "fontdb",
]

[[package]]
name = "libc"
version = "0.2.142"
source = "registry+https://github.com/rust-lang/crates.io-index"
checksum = "6a987beff54b60ffa6d51982e1aa1146bc42f19bd26be28b0586f252fccf5317"

[[package]]
name = "log"
version = "0.4.17"
source = "registry+https://github.com/rust-lang/crates.io-index"
checksum = "abb12e687cfb44aa40f41fc3978ef76448f9b6038cad6aef4259d3c095a2382e"
dependencies = [
 "cfg-if",
]

[[package]]
name = "memmap2"
version = "0.5.10"
source = "registry+https://github.com/rust-lang/crates.io-index"
checksum = "83faa42c0a078c393f6b29d5db232d8be22776a891f8f56e5284faee4a20b327"
dependencies = [
 "libc",
]

[[package]]
name = "roxmltree"
version = "0.18.0"
source = "registry+https://github.com/rust-lang/crates.io-index"
checksum = "d8f595a457b6b8c6cda66a48503e92ee8d19342f905948f29c383200ec9eb1d8"
dependencies = [
 "xmlparser",
]

[[package]]
name = "slotmap"
version = "1.0.6"
source = "registry+https://github.com/rust-lang/crates.io-index"
checksum = "e1e08e261d0e8f5c43123b7adf3e4ca1690d655377ac93a03b2c9d3e98de1342"
dependencies = [
 "version_check",
]

[[package]]
name = "ttf-parser"
version = "0.18.1"
source = "registry+https://github.com/rust-lang/crates.io-index"
checksum = "0609f771ad9c6155384897e1df4d948e692667cc0588548b68eb44d052b27633"

[[package]]
name = "version_check"
version = "0.9.4"
source = "registry+https://github.com/rust-lang/crates.io-index"
checksum = "49874b5167b65d7193b8aba1567f5c7d93d001cafc34600cee003eda787e483f"

[[package]]
name = "xmlparser"
version = "0.13.5"
source = "registry+https://github.com/rust-lang/crates.io-index"
checksum = "4d25c75bf9ea12c4040a97f829154768bbbce366287e2dc044af160cd79a13fd"
